
Microsoft Visual Studio Solution File, Format Version 12.00
# Visual Studio Version 17
VisualStudioVersion = 17.5.33516.290
MinimumVisualStudioVersion = 10.0.40219.1
Project("{FAE04EC0-301F-11D3-BF4B-00C04F79EFBC}") = "Computer_graphics_1", "Computer_graphics_1\Computer_graphics_1.csproj", "{DA920649-CE1E-4378-8E0D-767A143374A3}"
EndProject
Global
	GlobalSection(SolutionConfigurationPlatforms) = preSolution
		Debug|Any CPU = Debug|Any CPU
		Release|Any CPU = Release|Any CPU
	EndGlobalSection
	GlobalSection(ProjectConfigurationPlatforms) = postSolution
		{DA920649-CE1E-4378-8E0D-767A143374A3}.Debug|Any CPU.ActiveCfg = Debug|Any CPU
		{DA920649-CE1E-4378-8E0D-767A143374A3}.Debug|Any CPU.Build.0 = Debug|Any CPU
		{DA920649-CE1E-4378-8E0D-767A143374A3}.Release|Any CPU.ActiveCfg = Release|Any CPU
		{DA920649-CE1E-4378-8E0D-767A143374A3}.Release|Any CPU.Build.0 = Release|Any CPU
	EndGlobalSection
	GlobalSection(SolutionProperties) = preSolution
		HideSolutionNode = FALSE
	EndGlobalSection
	GlobalSection(ExtensibilityGlobals) = postSolution
		SolutionGuid = {6DCACCD4-CFD8-4CFE-9051-A6C83F67F353}
	EndGlobalSection
EndGlobal
